
Microsoft Visual Studio Solution File, Format Version 12.00
# Visual Studio Version 17
VisualStudioVersion = 17.14.37328.6 d17.14
MinimumVisualStudioVersion = 10.0.40219.1
Project("{888888A0-9F3D-457C-B088-3A5042F75D52}") = "PythonApplication23", "PythonApplication23\PythonApplication23.pyproj", "{EC4E62CE-F698-42CA-BF9E-58B9B7259348}"
EndProject
Global
	GlobalSection(SolutionConfigurationPlatforms) = preSolution
		Debug|Any CPU = Debug|Any CPU
		Release|Any CPU = Release|Any CPU
	EndGlobalSection
	GlobalSection(ProjectConfigurationPlatforms) = postSolution
		{EC4E62CE-F698-42CA-BF9E-58B9B7259348}.Debug|Any CPU.ActiveCfg = Debug|Any CPU
		{EC4E62CE-F698-42CA-BF9E-58B9B7259348}.Release|Any CPU.ActiveCfg = Release|Any CPU
	EndGlobalSection
	GlobalSection(SolutionProperties) = preSolution
		HideSolutionNode = FALSE
	EndGlobalSection
	GlobalSection(ExtensibilityGlobals) = postSolution
		SolutionGuid = {FC3C12A5-202F-47A8-A7AE-EA5F27307FBE}
	EndGlobalSection
EndGlobal
